
Microsoft Visual Studio Solution File, Format Version 12.00
# Visual Studio Version 17
VisualStudioVersion = 17.10.34928.147
MinimumVisualStudioVersion = 10.0.40219.1
Project("{FAE04EC0-301F-11D3-BF4B-00C04F79EFBC}") = "Quiz App LABB3", "Quiz App LABB3\Quiz App LABB3.csproj", "{477A9F7D-CB7A-40A7-8A21-5DBBE28E3760}"
EndProject
Global
	GlobalSection(SolutionConfigurationPlatforms) = preSolution
		Debug|Any CPU = Debug|Any CPU
		Release|Any CPU = Release|Any CPU
	EndGlobalSection
	GlobalSection(ProjectConfigurationPlatforms) = postSolution
		{477A9F7D-CB7A-40A7-8A21-5DBBE28E3760}.Debug|Any CPU.ActiveCfg = Debug|Any CPU
		{477A9F7D-CB7A-40A7-8A21-5DBBE28E3760}.Debug|Any CPU.Build.0 = Debug|Any CPU
		{477A9F7D-CB7A-40A7-8A21-5DBBE28E3760}.Release|Any CPU.ActiveCfg = Release|Any CPU
		{477A9F7D-CB7A-40A7-8A21-5DBBE28E3760}.Release|Any CPU.Build.0 = Release|Any CPU
	EndGlobalSection
	GlobalSection(SolutionProperties) = preSolution
		HideSolutionNode = FALSE
	EndGlobalSection
	GlobalSection(ExtensibilityGlobals) = postSolution
		SolutionGuid = {42F464F3-07F9-48CF-9844-722FE08FCDA5}
	EndGlobalSection
EndGlobal
